
Microsoft Visual Studio Solution File, Format Version 12.00
# Visual Studio Version 16
VisualStudioVersion = 16.0.29613.14
MinimumVisualStudioVersion = 10.0.40219.1
Project("{FAE04EC0-301F-11D3-BF4B-00C04F79EFBC}") = "EPiServer.Labs.DynamicTemplates", "EPiServer.Labs.DynamicTemplates\EPiServer.Labs.DynamicTemplates.csproj", "{F4B45D07-1534-40AA-97DD-1E0D41EB8828}"
EndProject
Project("{2150E333-8FDC-42A3-9474-1A3956D46DE8}") = "Solution Items", "Solution Items", "{7C547521-A0F2-4FA2-8BBA-853580F03431}"
	ProjectSection(SolutionItems) = preProject
		..\..\README.md = ..\..\README.md
	EndProjectSection
EndProject
Global
	GlobalSection(SolutionConfigurationPlatforms) = preSolution
		Debug|Any CPU = Debug|Any CPU
		Release|Any CPU = Release|Any CPU
	EndGlobalSection
	GlobalSection(ProjectConfigurationPlatforms) = postSolution
		{F4B45D07-1534-40AA-97DD-1E0D41EB8828}.Debug|Any CPU.ActiveCfg = Debug|Any CPU
		{F4B45D07-1534-40AA-97DD-1E0D41EB8828}.Debug|Any CPU.Build.0 = Debug|Any CPU
		{F4B45D07-1534-40AA-97DD-1E0D41EB8828}.Release|Any CPU.ActiveCfg = Release|Any CPU
		{F4B45D07-1534-40AA-97DD-1E0D41EB8828}.Release|Any CPU.Build.0 = Release|Any CPU
	EndGlobalSection
	GlobalSection(SolutionProperties) = preSolution
		HideSolutionNode = FALSE
	EndGlobalSection
	GlobalSection(ExtensibilityGlobals) = postSolution
		SolutionGuid = {37A93A3B-995B-4A2B-A6E1-05CA462A130C}
	EndGlobalSection
EndGlobal
